// !$*UTF8*$!
{
	archiveVersion = 1;
	classes = {
	};
	objectVersion = 60;
	objects = {

/* Begin PBXBuildFile section */
		7310F88C2F9AD72E00EF3458 /* ReaderApp.swift in Sources */ = {isa = PBXBuildFile; fileRef = 7310F88B2F9AD72E00EF3458 /* ReaderApp.swift */; };
		7310F88E2F9AD72E00EF3458 /* ContentView.swift in Sources */ = {isa = PBXBuildFile; fileRef = 7310F88D2F9AD72E00EF3458 /* ContentView.swift */; };
		7310F8902F9AD72E00EF3458 /* Item.swift in Sources */ = {isa = PBXBuildFile; fileRef = 7310F88F2F9AD72E00EF3458 /* Item.swift */; };
		7310F8922F9AD72F00EF3458 /* Assets.xcassets in Resources */ = {isa = PBXBuildFile; fileRef = 7310F8912F9AD72F00EF3458 /* Assets.xcassets */; };
		7310F8962F9AD72F00EF3458 /* Preview Assets.xcassets in Resources */ = {isa = PBXBuildFile; fileRef = 7310F8952F9AD72F00EF3458 /* Preview Assets.xcassets */; };
		7310F8A02F9AD72F00EF3458 /* ReaderTests.swift in Sources */ = {isa = PBXBuildFile; fileRef = 7310F89F2F9AD72F00EF3458 /* ReaderTests.swift */; };
		7310F8AA2F9AD72F00EF3458 /* ReaderUITests.swift in Sources */ = {isa = PBXBuildFile; fileRef = 7310F8A92F9AD72F00EF3458 /* ReaderUITests.swift */; };
		7310F8AC2F9AD72F00EF3458 /* ReaderUITestsLaunchTests.swift in Sources */ = {isa = PBXBuildFile; fileRef = 7310F8AB2F9AD72F00EF3458 /* ReaderUITestsLaunchTests.swift */; };
		7326660D2FA66FE200D86FB4 /* Library in Frameworks */ = {isa = PBXBuildFile; productRef = 7326660C2FA66FE200D86FB4 /* Library */; };
		73431D8A2FBAC90400687BDB /* Library in Frameworks */ = {isa = PBXBuildFile; productRef = 73431D892FBAC90400687BDB /* Library */; };
		73431D8D2FC9F8AD00687BDB /* Library in Frameworks */ = {isa = PBXBuildFile; productRef = 73431D8C2FC9F8AD00687BDB /* Library */; };
		738396E02F9C4ECE00918E0A /* BibleView.swift in Sources */ = {isa = PBXBuildFile; fileRef = 738396DF2F9C4ECE00918E0A /* BibleView.swift */; };
		7387E1CD2FB656F100624A10 /* Library in Frameworks */ = {isa = PBXBuildFile; productRef = 7387E1CC2FB656F100624A10 /* Library */; };
/* End PBXBuildFile section */

/* Begin PBXContainerItemProxy section */
		7310F89C2F9AD72F00EF3458 /* PBXContainerItemProxy */ = {
			isa = PBXContainerItemProxy;
			containerPortal = 7310F8802F9AD72E00EF3458 /* Project object */;
			proxyType = 1;
			remoteGlobalIDString = 7310F8872F9AD72E00EF3458;
			remoteInfo = Reader;
		};
		7310F8A62F9AD72F00EF3458 /* PBXContainerItemProxy */ = {
			isa = PBXContainerItemProxy;
			containerPortal = 7310F8802F9AD72E00EF3458 /* Project object */;
			proxyType = 1;
			remoteGlobalIDString = 7310F8872F9AD72E00EF3458;
			remoteInfo = Reader;
		};
/* End PBXContainerItemProxy section */

/* Begin PBXFileReference section */
		7310F8882F9AD72E00EF3458 /* Reader.app */ = {isa = PBXFileReference; explicitFileType = wrapper.application; includeInIndex = 0; path = Reader.app; sourceTree = BUILT_PRODUCTS_DIR; };
		7310F88B2F9AD72E00EF3458 /* ReaderApp.swift */ = {isa = PBXFileReference; lastKnownFileType = sourcecode.swift; path = ReaderApp.swift; sourceTree = "<group>"; };
		7310F88D2F9AD72E00EF3458 /* ContentView.swift */ = {isa = PBXFileReference; lastKnownFileType = sourcecode.swift; path = ContentView.swift; sourceTree = "<group>"; };
		7310F88F2F9AD72E00EF3458 /* Item.swift */ = {isa = PBXFileReference; lastKnownFileType = sourcecode.swift; path = Item.swift; sourceTree = "<group>"; };
		7310F8912F9AD72F00EF3458 /* Assets.xcassets */ = {isa = PBXFileReference; lastKnownFileType = folder.assetcatalog; path = Assets.xcassets; sourceTree = "<group>"; };
		7310F8932F9AD72F00EF3458 /* Reader.entitlements */ = {isa = PBXFileReference; lastKnownFileType = text.plist.entitlements; path = Reader.entitlements; sourceTree = "<group>"; };
		7310F8952F9AD72F00EF3458 /* Preview Assets.xcassets */ = {isa = PBXFileReference; lastKnownFileType = folder.assetcatalog; path = "Preview Assets.xcassets"; sourceTree = "<group>"; };
		7310F89B2F9AD72F00EF3458 /* ReaderTests.xctest */ = {isa = PBXFileReference; explicitFileType = wrapper.cfbundle; includeInIndex = 0; path = ReaderTests.xctest; sourceTree = BUILT_PRODUCTS_DIR; };
		7310F89F2F9AD72F00EF3458 /* ReaderTests.swift */ = {isa = PBXFileReference; lastKnownFileType = sourcecode.swift; path = ReaderTests.swift; sourceTree = "<group>"; };
		7310F8A52F9AD72F00EF3458 /* ReaderUITests.xctest */ = {isa = PBXFileReference; explicitFileType = wrapper.cfbundle; includeInIndex = 0; path = ReaderUITests.xctest; sourceTree = BUILT_PRODUCTS_DIR; };
		7310F8A92F9AD72F00EF3458 /* ReaderUITests.swift */ = {isa = PBXFileReference; lastKnownFileType = sourcecode.swift; path = ReaderUITests.swift; sourceTree = "<group>"; };
		7310F8AB2F9AD72F00EF3458 /* ReaderUITestsLaunchTests.swift */ = {isa = PBXFileReference; lastKnownFileType = sourcecode.swift; path = ReaderUITestsLaunchTests.swift; sourceTree = "<group>"; };
		738396DF2F9C4ECE00918E0A /* BibleView.swift */ = {isa = PBXFileReference; lastKnownFileType = sourcecode.swift; path = BibleView.swift; sourceTree = "<group>"; };
/* End PBXFileReference section */

/* Begin PBXFrameworksBuildPhase section */
		7310F8852F9AD72E00EF3458 /* Frameworks */ = {
			isa = PBXFrameworksBuildPhase;
			buildActionMask = 2147483647;
			files = (
				73431D8D2FC9F8AD00687BDB /* Library in Frameworks */,
				73431D8A2FBAC90400687BDB /* Library in Frameworks */,
				7387E1CD2FB656F100624A10 /* Library in Frameworks */,
				7326660D2FA66FE200D86FB4 /* Library in Frameworks */,
			);
			runOnlyForDeploymentPostprocessing = 0;
		};
		7310F8982F9AD72F00EF3458 /* Frameworks */ = {
			isa = PBXFrameworksBuildPhase;
			buildActionMask = 2147483647;
			files = (
			);
			runOnlyForDeploymentPostprocessing = 0;
		};
		7310F8A22F9AD72F00EF3458 /* Frameworks */ = {
			isa = PBXFrameworksBuildPhase;
			buildActionMask = 2147483647;
			files = (
			);
			runOnlyForDeploymentPostprocessing = 0;
		};
/* End PBXFrameworksBuildPhase section */

/* Begin PBXGroup section */
		7310F87F2F9AD72E00EF3458 = {
			isa = PBXGroup;
			children = (
				7310F88A2F9AD72E00EF3458 /* Reader */,
				7310F89E2F9AD72F00EF3458 /* ReaderTests */,
				7310F8A82F9AD72F00EF3458 /* ReaderUITests */,
				7310F8892F9AD72E00EF3458 /* Products */,
			);
			sourceTree = "<group>";
		};
		7310F8892F9AD72E00EF3458 /* Products */ = {
			isa = PBXGroup;
			children = (
				7310F8882F9AD72E00EF3458 /* Reader.app */,
				7310F89B2F9AD72F00EF3458 /* ReaderTests.xctest */,
				7310F8A52F9AD72F00EF3458 /* ReaderUITests.xctest */,
			);
			name = Products;
			sourceTree = "<group>";
		};
		7310F88A2F9AD72E00EF3458 /* Reader */ = {
			isa = PBXGroup;
			children = (
				7310F88B2F9AD72E00EF3458 /* ReaderApp.swift */,
				7310F88D2F9AD72E00EF3458 /* ContentView.swift */,
				738396DF2F9C4ECE00918E0A /* BibleView.swift */,
				7310F88F2F9AD72E00EF3458 /* Item.swift */,
				7310F8912F9AD72F00EF3458 /* Assets.xcassets */,
				7310F8932F9AD72F00EF3458 /* Reader.entitlements */,
				7310F8942F9AD72F00EF3458 /* Preview Content */,
			);
			path = Reader;
			sourceTree = "<group>";
		};
		7310F8942F9AD72F00EF3458 /* Preview Content */ = {
			isa = PBXGroup;
			children = (
				7310F8952F9AD72F00EF3458 /* Preview Assets.xcassets */,
			);
			path = "Preview Content";
			sourceTree = "<group>";
		};
		7310F89E2F9AD72F00EF3458 /* ReaderTests */ = {
			isa = PBXGroup;
			children = (
				7310F89F2F9AD72F00EF3458 /* ReaderTests.swift */,
			);
			path = ReaderTests;
			sourceTree = "<group>";
		};
		7310F8A82F9AD72F00EF3458 /* ReaderUITests */ = {
			isa = PBXGroup;
			children = (
				7310F8A92F9AD72F00EF3458 /* ReaderUITests.swift */,
				7310F8AB2F9AD72F00EF3458 /* ReaderUITestsLaunchTests.swift */,
			);
			path = ReaderUITests;
			sourceTree = "<group>";
		};
/* End PBXGroup section */

/* Begin PBXNativeTarget section */
		7310F8872F9AD72E00EF3458 /* Reader */ = {
			isa = PBXNativeTarget;
			buildConfigurationList = 7310F8AF2F9AD72F00EF3458 /* Build configuration list for PBXNativeTarget "Reader" */;
			buildPhases = (
				7310F8842F9AD72E00EF3458 /* Sources */,
				7310F8852F9AD72E00EF3458 /* Frameworks */,
				7310F8862F9AD72E00EF3458 /* Resources */,
			);
			buildRules = (
			);
			dependencies = (
			);
			name = Reader;
			packageProductDependencies = (
				7326660C2FA66FE200D86FB4 /* Library */,
				7387E1CC2FB656F100624A10 /* Library */,
				73431D892FBAC90400687BDB /* Library */,
				73431D8C2FC9F8AD00687BDB /* Library */,
			);
			productName = Reader;
			productReference = 7310F8882F9AD72E00EF3458 /* Reader.app */;
			productType = "com.apple.product-type.application";
		};
		7310F89A2F9AD72F00EF3458 /* ReaderTests */ = {
			isa = PBXNativeTarget;
			buildConfigurationList = 7310F8B22F9AD72F00EF3458 /* Build configuration list for PBXNativeTarget "ReaderTests" */;
			buildPhases = (
				7310F8972F9AD72F00EF3458 /* Sources */,
				7310F8982F9AD72F00EF3458 /* Frameworks */,
				7310F8992F9AD72F00EF3458 /* Resources */,
			);
			buildRules = (
			);
			dependencies = (
				7310F89D2F9AD72F00EF3458 /* PBXTargetDependency */,
			);
			name = ReaderTests;
			productName = ReaderTests;
			productReference = 7310F89B2F9AD72F00EF3458 /* ReaderTests.xctest */;
			productType = "com.apple.product-type.bundle.unit-test";
		};
		7310F8A42F9AD72F00EF3458 /* ReaderUITests */ = {
			isa = PBXNativeTarget;
			buildConfigurationList = 7310F8B52F9AD72F00EF3458 /* Build configuration list for PBXNativeTarget "ReaderUITests" */;
			buildPhases = (
				7310F8A12F9AD72F00EF3458 /* Sources */,
				7310F8A22F9AD72F00EF3458 /* Frameworks */,
				7310F8A32F9AD72F00EF3458 /* Resources */,
			);
			buildRules = (
			);
			dependencies = (
				7310F8A72F9AD72F00EF3458 /* PBXTargetDependency */,
			);
			name = ReaderUITests;
			productName = ReaderUITests;
			productReference = 7310F8A52F9AD72F00EF3458 /* ReaderUITests.xctest */;
			productType = "com.apple.product-type.bundle.ui-testing";
		};
/* End PBXNativeTarget section */

/* Begin PBXProject section */
		7310F8802F9AD72E00EF3458 /* Project object */ = {
			isa = PBXProject;
			attributes = {
				BuildIndependentTargetsInParallel = 1;
				LastSwiftUpdateCheck = 1540;
				LastUpgradeCheck = 1540;
				TargetAttributes = {
					7310F8872F9AD72E00EF3458 = {
						CreatedOnToolsVersion = 15.4;
					};
					7310F89A2F9AD72F00EF3458 = {
						CreatedOnToolsVersion = 15.4;
						TestTargetID = 7310F8872F9AD72E00EF3458;
					};
					7310F8A42F9AD72F00EF3458 = {
						CreatedOnToolsVersion = 15.4;
						TestTargetID = 7310F8872F9AD72E00EF3458;
					};
				};
			};
			buildConfigurationList = 7310F8832F9AD72E00EF3458 /* Build configuration list for PBXProject "Reader" */;
			compatibilityVersion = "Xcode 14.0";
			developmentRegion = en;
			hasScannedForEncodings = 0;
			knownRegions = (
				en,
				Base,
			);
			mainGroup = 7310F87F2F9AD72E00EF3458;
			packageReferences = (
				73431D8B2FC9F8AD00687BDB /* XCLocalSwiftPackageReference "Library" */,
			);
			productRefGroup = 7310F8892F9AD72E00EF3458 /* Products */;
			projectDirPath = "";
			projectRoot = "";
			targets = (
				7310F8872F9AD72E00EF3458 /* Reader */,
				7310F89A2F9AD72F00EF3458 /* ReaderTests */,
				7310F8A42F9AD72F00EF3458 /* ReaderUITests */,
			);
		};
/* End PBXProject section */

/* Begin PBXResourcesBuildPhase section */
		7310F8862F9AD72E00EF3458 /* Resources */ = {
			isa = PBXResourcesBuildPhase;
			buildActionMask = 2147483647;
			files = (
				7310F8962F9AD72F00EF3458 /* Preview Assets.xcassets in Resources */,
				7310F8922F9AD72F00EF3458 /* Assets.xcassets in Resources */,
			);
			runOnlyForDeploymentPostprocessing = 0;
		};
		7310F8992F9AD72F00EF3458 /* Resources */ = {
			isa = PBXResourcesBuildPhase;
			buildActionMask = 2147483647;
			files = (
			);
			runOnlyForDeploymentPostprocessing = 0;
		};
		7310F8A32F9AD72F00EF3458 /* Resources */ = {
			isa = PBXResourcesBuildPhase;
			buildActionMask = 2147483647;
			files = (
			);
			runOnlyForDeploymentPostprocessing = 0;
		};
/* End PBXResourcesBuildPhase section */

/* Begin PBXSourcesBuildPhase section */
		7310F8842F9AD72E00EF3458 /* Sources */ = {
			isa = PBXSourcesBuildPhase;
			buildActionMask = 2147483647;
			files = (
				7310F88E2F9AD72E00EF3458 /* ContentView.swift in Sources */,
				7310F8902F9AD72E00EF3458 /* Item.swift in Sources */,
				7310F88C2F9AD72E00EF3458 /* ReaderApp.swift in Sources */,
				738396E02F9C4ECE00918E0A /* BibleView.swift in Sources */,
			);
			runOnlyForDeploymentPostprocessing = 0;
		};
		7310F8972F9AD72F00EF3458 /* Sources */ = {
			isa = PBXSourcesBuildPhase;
			buildActionMask = 2147483647;
			files = (
				7310F8A02F9AD72F00EF3458 /* ReaderTests.swift in Sources */,
			);
			runOnlyForDeploymentPostprocessing = 0;
		};
		7310F8A12F9AD72F00EF3458 /* Sources */ = {
			isa = PBXSourcesBuildPhase;
			buildActionMask = 2147483647;
			files = (
				7310F8AA2F9AD72F00EF3458 /* ReaderUITests.swift in Sources */,
				7310F8AC2F9AD72F00EF3458 /* ReaderUITestsLaunchTests.swift in Sources */,
			);
			runOnlyForDeploymentPostprocessing = 0;
		};
/* End PBXSourcesBuildPhase section */

/* Begin PBXTargetDependency section */
		7310F89D2F9AD72F00EF3458 /* PBXTargetDependency */ = {
			isa = PBXTargetDependency;
			target = 7310F8872F9AD72E00EF3458 /* Reader */;
			targetProxy = 7310F89C2F9AD72F00EF3458 /* PBXContainerItemProxy */;
		};
		7310F8A72F9AD72F00EF3458 /* PBXTargetDependency */ = {
			isa = PBXTargetDependency;
			target = 7310F8872F9AD72E00EF3458 /* Reader */;
			targetProxy = 7310F8A62F9AD72F00EF3458 /* PBXContainerItemProxy */;
		};
/* End PBXTargetDependency section */

/* Begin XCBuildConfiguration section */
		7310F8AD2F9AD72F00EF3458 /* Debug */ = {
			isa = XCBuildConfiguration;
			buildSettings = {
				ALWAYS_SEARCH_USER_PATHS = NO;
				ASSETCATALOG_COMPILER_GENERATE_SWIFT_ASSET_SYMBOL_EXTENSIONS = YES;
				CLANG_ANALYZER_NONNULL = YES;
				CLANG_ANALYZER_NUMBER_OBJECT_CONVERSION = YES_AGGRESSIVE;
				CLANG_CXX_LANGUAGE_STANDARD = "gnu++20";
				CLANG_ENABLE_MODULES = YES;
				CLANG_ENABLE_OBJC_ARC = YES;
				CLANG_ENABLE_OBJC_WEAK = YES;
				CLANG_WARN_BLOCK_CAPTURE_AUTORELEASING = YES;
				CLANG_WARN_BOOL_CONVERSION = YES;
				CLANG_WARN_COMMA = YES;
				CLANG_WARN_CONSTANT_CONVERSION = YES;
				CLANG_WARN_DEPRECATED_OBJC_IMPLEMENTATIONS = YES;
				CLANG_WARN_DIRECT_OBJC_ISA_USAGE = YES_ERROR;
				CLANG_WARN_DOCUMENTATION_COMMENTS = YES;
				CLANG_WARN_EMPTY_BODY = YES;
				CLANG_WARN_ENUM_CONVERSION = YES;
				CLANG_WARN_INFINITE_RECURSION = YES;
				CLANG_WARN_INT_CONVERSION = YES;
				CLANG_WARN_NON_LITERAL_NULL_CONVERSION = YES;
				CLANG_WARN_OBJC_IMPLICIT_RETAIN_SELF = YES;
				CLANG_WARN_OBJC_LITERAL_CONVERSION = YES;
				CLANG_WARN_OBJC_ROOT_CLASS = YES_ERROR;
				CLANG_WARN_QUOTED_INCLUDE_IN_FRAMEWORK_HEADER = YES;
				CLANG_WARN_RANGE_LOOP_ANALYSIS = YES;
				CLANG_WARN_STRICT_PROTOTYPES = YES;
				CLANG_WARN_SUSPICIOUS_MOVE = YES;
				CLANG_WARN_UNGUARDED_AVAILABILITY = YES_AGGRESSIVE;
				CLANG_WARN_UNREACHABLE_CODE = YES;
				CLANG_WARN__DUPLICATE_METHOD_MATCH = YES;
				COPY_PHASE_STRIP = NO;
				DEBUG_INFORMATION_FORMAT = dwarf;
				ENABLE_STRICT_OBJC_MSGSEND = YES;
				ENABLE_TESTABILITY = YES;
				ENABLE_USER_SCRIPT_SANDBOXING = YES;
				GCC_C_LANGUAGE_STANDARD = gnu17;
				GCC_DYNAMIC_NO_PIC = NO;
				GCC_NO_COMMON_BLOCKS = YES;
				GCC_OPTIMIZATION_LEVEL = 0;
				GCC_PREPROCESSOR_DEFINITIONS = (
					"DEBUG=1",
					"$(inherited)",
				);
				GCC_WARN_64_TO_32_BIT_CONVERSION = YES;
				GCC_WARN_ABOUT_RETURN_TYPE = YES_ERROR;
				GCC_WARN_UNDECLARED_SELECTOR = YES;
				GCC_WARN_UNINITIALIZED_AUTOS = YES_AGGRESSIVE;
				GCC_WARN_UNUSED_FUNCTION = YES;
				GCC_WARN_UNUSED_VARIABLE = YES;
				LOCALIZATION_PREFERS_STRING_CATALOGS = YES;
				MTL_ENABLE_DEBUG_INFO = INCLUDE_SOURCE;
				MTL_FAST_MATH = YES;
				ONLY_ACTIVE_ARCH = YES;
				SWIFT_ACTIVE_COMPILATION_CONDITIONS = "DEBUG $(inherited)";
				SWIFT_OPTIMIZATION_LEVEL = "-Onone";
			};
			name = Debug;
		};
		7310F8AE2F9AD72F00EF3458 /* Release */ = {
			isa = XCBuildConfiguration;
			buildSettings = {
				ALWAYS_SEARCH_USER_PATHS = NO;
				ASSETCATALOG_COMPILER_GENERATE_SWIFT_ASSET_SYMBOL_EXTENSIONS = YES;
				CLANG_ANALYZER_NONNULL = YES;
				CLANG_ANALYZER_NUMBER_OBJECT_CONVERSION = YES_AGGRESSIVE;
				CLANG_CXX_LANGUAGE_STANDARD = "gnu++20";
				CLANG_ENABLE_MODULES = YES;
				CLANG_ENABLE_OBJC_ARC = YES;
				CLANG_ENABLE_OBJC_WEAK = YES;
				CLANG_WARN_BLOCK_CAPTURE_AUTORELEASING = YES;
				CLANG_WARN_BOOL_CONVERSION = YES;
				CLANG_WARN_COMMA = YES;
				CLANG_WARN_CONSTANT_CONVERSION = YES;
				CLANG_WARN_DEPRECATED_OBJC_IMPLEMENTATIONS = YES;
				CLANG_WARN_DIRECT_OBJC_ISA_USAGE = YES_ERROR;
				CLANG_WARN_DOCUMENTATION_COMMENTS = YES;
				CLANG_WARN_EMPTY_BODY = YES;
				CLANG_WARN_ENUM_CONVERSION = YES;
				CLANG_WARN_INFINITE_RECURSION = YES;
				CLANG_WARN_INT_CONVERSION = YES;
				CLANG_WARN_NON_LITERAL_NULL_CONVERSION = YES;
				CLANG_WARN_OBJC_IMPLICIT_RETAIN_SELF = YES;
				CLANG_WARN_OBJC_LITERAL_CONVERSION = YES;
				CLANG_WARN_OBJC_ROOT_CLASS = YES_ERROR;
				CLANG_WARN_QUOTED_INCLUDE_IN_FRAMEWORK_HEADER = YES;
				CLANG_WARN_RANGE_LOOP_ANALYSIS = YES;
				CLANG_WARN_STRICT_PROTOTYPES = YES;
				CLANG_WARN_SUSPICIOUS_MOVE = YES;
				CLANG_WARN_UNGUARDED_AVAILABILITY = YES_AGGRESSIVE;
				CLANG_WARN_UNREACHABLE_CODE = YES;
				CLANG_WARN__DUPLICATE_METHOD_MATCH = YES;
				COPY_PHASE_STRIP = NO;
				DEBUG_INFORMATION_FORMAT = "dwarf-with-dsym";
				ENABLE_NS_ASSERTIONS = NO;
				ENABLE_STRICT_OBJC_MSGSEND = YES;
				ENABLE_USER_SCRIPT_SANDBOXING = YES;
				GCC_C_LANGUAGE_STANDARD = gnu17;
				GCC_NO_COMMON_BLOCKS = YES;
				GCC_WARN_64_TO_32_BIT_CONVERSION = YES;
				GCC_WARN_ABOUT_RETURN_TYPE = YES_ERROR;
				GCC_WARN_UNDECLARED_SELECTOR = YES;
				GCC_WARN_UNINITIALIZED_AUTOS = YES_AGGRESSIVE;
				GCC_WARN_UNUSED_FUNCTION = YES;
				GCC_WARN_UNUSED_VARIABLE = YES;
				LOCALIZATION_PREFERS_STRING_CATALOGS = YES;
				MTL_ENABLE_DEBUG_INFO = NO;
				MTL_FAST_MATH = YES;
				SWIFT_COMPILATION_MODE = wholemodule;
			};
			name = Release;
		};
		7310F8B02F9AD72F00EF3458 /* Debug */ = {
			isa = XCBuildConfiguration;
			buildSettings = {
				ASSETCATALOG_COMPILER_APPICON_NAME = AppIcon;
				ASSETCATALOG_COMPILER_GLOBAL_ACCENT_COLOR_NAME = AccentColor;
				CODE_SIGN_ENTITLEMENTS = Reader/Reader.entitlements;
				CODE_SIGN_STYLE = Automatic;
				CURRENT_PROJECT_VERSION = 1;
				DEVELOPMENT_ASSET_PATHS = "\"Reader/Preview Content\"";
				ENABLE_PREVIEWS = YES;
				GENERATE_INFOPLIST_FILE = YES;
				"INFOPLIST_KEY_UIApplicationSceneManifest_Generation[sdk=iphoneos*]" = YES;
				"INFOPLIST_KEY_UIApplicationSceneManifest_Generation[sdk=iphonesimulator*]" = YES;
				"INFOPLIST_KEY_UIApplicationSupportsIndirectInputEvents[sdk=iphoneos*]" = YES;
				"INFOPLIST_KEY_UIApplicationSupportsIndirectInputEvents[sdk=iphonesimulator*]" = YES;
				"INFOPLIST_KEY_UILaunchScreen_Generation[sdk=iphoneos*]" = YES;
				"INFOPLIST_KEY_UILaunchScreen_Generation[sdk=iphonesimulator*]" = YES;
				"INFOPLIST_KEY_UIStatusBarStyle[sdk=iphoneos*]" = UIStatusBarStyleDefault;
				"INFOPLIST_KEY_UIStatusBarStyle[sdk=iphonesimulator*]" = UIStatusBarStyleDefault;
				INFOPLIST_KEY_UISupportedInterfaceOrientations_iPad = "UIInterfaceOrientationPortrait UIInterfaceOrientationPortraitUpsideDown UIInterfaceOrientationLandscapeLeft UIInterfaceOrientationLandscapeRight";
				INFOPLIST_KEY_UISupportedInterfaceOrientations_iPhone = "UIInterfaceOrientationPortrait UIInterfaceOrientationLandscapeLeft UIInterfaceOrientationLandscapeRight";
				IPHONEOS_DEPLOYMENT_TARGET = 17.5;
				LD_RUNPATH_SEARCH_PATHS = "@executable_path/Frameworks";
				"LD_RUNPATH_SEARCH_PATHS[sdk=macosx*]" = "@executable_path/../Frameworks";
				MACOSX_DEPLOYMENT_TARGET = 14.0;
				MARKETING_VERSION = 1.0;
				PRODUCT_BUNDLE_IDENTIFIER = telos.Reader;
				PRODUCT_NAME = "$(TARGET_NAME)";
				SDKROOT = auto;
				SUPPORTED_PLATFORMS = "iphoneos iphonesimulator macosx";
				SWIFT_EMIT_LOC_STRINGS = YES;
				SWIFT_VERSION = 5.0;
				TARGETED_DEVICE_FAMILY = "1,2";
			};
			name = Debug;
		};
		7310F8B12F9AD72F00EF3458 /* Release */ = {
			isa = XCBuildConfiguration;
			buildSettings = {
				ASSETCATALOG_COMPILER_APPICON_NAME = AppIcon;
				ASSETCATALOG_COMPILER_GLOBAL_ACCENT_COLOR_NAME = AccentColor;
				CODE_SIGN_ENTITLEMENTS = Reader/Reader.entitlements;
				CODE_SIGN_STYLE = Automatic;
				CURRENT_PROJECT_VERSION = 1;
				DEVELOPMENT_ASSET_PATHS = "\"Reader/Preview Content\"";
				ENABLE_PREVIEWS = YES;
				GENERATE_INFOPLIST_FILE = YES;
				"INFOPLIST_KEY_UIApplicationSceneManifest_Generation[sdk=iphoneos*]" = YES;
				"INFOPLIST_KEY_UIApplicationSceneManifest_Generation[sdk=iphonesimulator*]" = YES;
				"INFOPLIST_KEY_UIApplicationSupportsIndirectInputEvents[sdk=iphoneos*]" = YES;
				"INFOPLIST_KEY_UIApplicationSupportsIndirectInputEvents[sdk=iphonesimulator*]" = YES;
				"INFOPLIST_KEY_UILaunchScreen_Generation[sdk=iphoneos*]" = YES;
				"INFOPLIST_KEY_UILaunchScreen_Generation[sdk=iphonesimulator*]" = YES;
				"INFOPLIST_KEY_UIStatusBarStyle[sdk=iphoneos*]" = UIStatusBarStyleDefault;
				"INFOPLIST_KEY_UIStatusBarStyle[sdk=iphonesimulator*]" = UIStatusBarStyleDefault;
				INFOPLIST_KEY_UISupportedInterfaceOrientations_iPad = "UIInterfaceOrientationPortrait UIInterfaceOrientationPortraitUpsideDown UIInterfaceOrientationLandscapeLeft UIInterfaceOrientationLandscapeRight";
				INFOPLIST_KEY_UISupportedInterfaceOrientations_iPhone = "UIInterfaceOrientationPortrait UIInterfaceOrientationLandscapeLeft UIInterfaceOrientationLandscapeRight";
				IPHONEOS_DEPLOYMENT_TARGET = 17.5;
				LD_RUNPATH_SEARCH_PATHS = "@executable_path/Frameworks";
				"LD_RUNPATH_SEARCH_PATHS[sdk=macosx*]" = "@executable_path/../Frameworks";
				MACOSX_DEPLOYMENT_TARGET = 14.0;
				MARKETING_VERSION = 1.0;
				PRODUCT_BUNDLE_IDENTIFIER = telos.Reader;
				PRODUCT_NAME = "$(TARGET_NAME)";
				SDKROOT = auto;
				SUPPORTED_PLATFORMS = "iphoneos iphonesimulator macosx";
				SWIFT_EMIT_LOC_STRINGS = YES;
				SWIFT_VERSION = 5.0;
				TARGETED_DEVICE_FAMILY = "1,2";
			};
			name = Release;
		};
		7310F8B32F9AD72F00EF3458 /* Debug */ = {
			isa = XCBuildConfiguration;
			buildSettings = {
				ALWAYS_EMBED_SWIFT_STANDARD_LIBRARIES = YES;
				BUNDLE_LOADER = "$(TEST_HOST)";
				CODE_SIGN_STYLE = Automatic;
				CURRENT_PROJECT_VERSION = 1;
				GENERATE_INFOPLIST_FILE = YES;
				IPHONEOS_DEPLOYMENT_TARGET = 17.5;
				MACOSX_DEPLOYMENT_TARGET = 14.4;
				MARKETING_VERSION = 1.0;
				PRODUCT_BUNDLE_IDENTIFIER = telos.ReaderTests;
				PRODUCT_NAME = "$(TARGET_NAME)";
				SDKROOT = auto;
				SUPPORTED_PLATFORMS = "iphoneos iphonesimulator macosx";
				SWIFT_EMIT_LOC_STRINGS = NO;
				SWIFT_VERSION = 5.0;
				TARGETED_DEVICE_FAMILY = "1,2";
				TEST_HOST = "$(BUILT_PRODUCTS_DIR)/Reader.app/$(BUNDLE_EXECUTABLE_FOLDER_PATH)/Reader";
			};
			name = Debug;
		};
		7310F8B42F9AD72F00EF3458 /* Release */ = {
			isa = XCBuildConfiguration;
			buildSettings = {
				ALWAYS_EMBED_SWIFT_STANDARD_LIBRARIES = YES;
				BUNDLE_LOADER = "$(TEST_HOST)";
				CODE_SIGN_STYLE = Automatic;
				CURRENT_PROJECT_VERSION = 1;
				GENERATE_INFOPLIST_FILE = YES;
				IPHONEOS_DEPLOYMENT_TARGET = 17.5;
				MACOSX_DEPLOYMENT_TARGET = 14.4;
				MARKETING_VERSION = 1.0;
				PRODUCT_BUNDLE_IDENTIFIER = telos.ReaderTests;
				PRODUCT_NAME = "$(TARGET_NAME)";
				SDKROOT = auto;
				SUPPORTED_PLATFORMS = "iphoneos iphonesimulator macosx";
				SWIFT_EMIT_LOC_STRINGS = NO;
				SWIFT_VERSION = 5.0;
				TARGETED_DEVICE_FAMILY = "1,2";
				TEST_HOST = "$(BUILT_PRODUCTS_DIR)/Reader.app/$(BUNDLE_EXECUTABLE_FOLDER_PATH)/Reader";
			};
			name = Release;
		};
		7310F8B62F9AD72F00EF3458 /* Debug */ = {
			isa = XCBuildConfiguration;
			buildSettings = {
				ALWAYS_EMBED_SWIFT_STANDARD_LIBRARIES = YES;
				CODE_SIGN_STYLE = Automatic;
				CURRENT_PROJECT_VERSION = 1;
				GENERATE_INFOPLIST_FILE = YES;
				IPHONEOS_DEPLOYMENT_TARGET = 17.5;
				MACOSX_DEPLOYMENT_TARGET = 14.4;
				MARKETING_VERSION = 1.0;
				PRODUCT_BUNDLE_IDENTIFIER = telos.ReaderUITests;
				PRODUCT_NAME = "$(TARGET_NAME)";
				SDKROOT = auto;
				SUPPORTED_PLATFORMS = "iphoneos iphonesimulator macosx";
				SWIFT_EMIT_LOC_STRINGS = NO;
				SWIFT_VERSION = 5.0;
				TARGETED_DEVICE_FAMILY = "1,2";
				TEST_TARGET_NAME = Reader;
			};
			name = Debug;
		};
		7310F8B72F9AD72F00EF3458 /* Release */ = {
			isa = XCBuildConfiguration;
			buildSettings = {
				ALWAYS_EMBED_SWIFT_STANDARD_LIBRARIES = YES;
				CODE_SIGN_STYLE = Automatic;
				CURRENT_PROJECT_VERSION = 1;
				GENERATE_INFOPLIST_FILE = YES;
				IPHONEOS_DEPLOYMENT_TARGET = 17.5;
				MACOSX_DEPLOYMENT_TARGET = 14.4;
				MARKETING_VERSION = 1.0;
				PRODUCT_BUNDLE_IDENTIFIER = telos.ReaderUITests;
				PRODUCT_NAME = "$(TARGET_NAME)";
				SDKROOT = auto;
				SUPPORTED_PLATFORMS = "iphoneos iphonesimulator macosx";
				SWIFT_EMIT_LOC_STRINGS = NO;
				SWIFT_VERSION = 5.0;
				TARGETED_DEVICE_FAMILY = "1,2";
				TEST_TARGET_NAME = Reader;
			};
			name = Release;
		};
/* End XCBuildConfiguration section */

/* Begin XCConfigurationList section */
		7310F8832F9AD72E00EF3458 /* Build configuration list for PBXProject "Reader" */ = {
			isa = XCConfigurationList;
			buildConfigurations = (
				7310F8AD2F9AD72F00EF3458 /* Debug */,
				7310F8AE2F9AD72F00EF3458 /* Release */,
			);
			defaultConfigurationIsVisible = 0;
			defaultConfigurationName = Release;
		};
		7310F8AF2F9AD72F00EF3458 /* Build configuration list for PBXNativeTarget "Reader" */ = {
			isa = XCConfigurationList;
			buildConfigurations = (
				7310F8B02F9AD72F00EF3458 /* Debug */,
				7310F8B12F9AD72F00EF3458 /* Release */,
			);
			defaultConfigurationIsVisible = 0;
			defaultConfigurationName = Release;
		};
		7310F8B22F9AD72F00EF3458 /* Build configuration list for PBXNativeTarget "ReaderTests" */ = {
			isa = XCConfigurationList;
			buildConfigurations = (
				7310F8B32F9AD72F00EF3458 /* Debug */,
				7310F8B42F9AD72F00EF3458 /* Release */,
			);
			defaultConfigurationIsVisible = 0;
			defaultConfigurationName = Release;
		};
		7310F8B52F9AD72F00EF3458 /* Build configuration list for PBXNativeTarget "ReaderUITests" */ = {
			isa = XCConfigurationList;
			buildConfigurations = (
				7310F8B62F9AD72F00EF3458 /* Debug */,
				7310F8B72F9AD72F00EF3458 /* Release */,
			);
			defaultConfigurationIsVisible = 0;
			defaultConfigurationName = Release;
		};
/* End XCConfigurationList section */

/* Begin XCLocalSwiftPackageReference section */
		73431D8B2FC9F8AD00687BDB /* XCLocalSwiftPackageReference "Library" */ = {
			isa = XCLocalSwiftPackageReference;
			relativePath = Library;
		};
/* End XCLocalSwiftPackageReference section */

/* Begin XCSwiftPackageProductDependency section */
		7326660C2FA66FE200D86FB4 /* Library */ = {
			isa = XCSwiftPackageProductDependency;
			productName = Library;
		};
		73431D892FBAC90400687BDB /* Library */ = {
			isa = XCSwiftPackageProductDependency;
			productName = Library;
		};
		73431D8C2FC9F8AD00687BDB /* Library */ = {
			isa = XCSwiftPackageProductDependency;
			productName = Library;
		};
		7387E1CC2FB656F100624A10 /* Library */ = {
			isa = XCSwiftPackageProductDependency;
			productName = Library;
		};
/* End XCSwiftPackageProductDependency section */
	};
	rootObject = 7310F8802F9AD72E00EF3458 /* Project object */;
}
